// !$*UTF8*$!
{
	archiveVersion = 1;
	classes = {
	};
	objectVersion = 56;
	objects = {

/* Begin PBXBuildFile section */
		AB3794092A81978600EF2813 /* mobileApp.swift in Sources */ = {isa = PBXBuildFile; fileRef = AB3794082A81978600EF2813 /* mobileApp.swift */; };
		AB37940B2A81978600EF2813 /* ContentView.swift in Sources */ = {isa = PBXBuildFile; fileRef = AB37940A2A81978600EF2813 /* ContentView.swift */; };
		AB37940D2A81978700EF2813 /* Assets.xcassets in Resources */ = {isa = PBXBuildFile; fileRef = AB37940C2A81978700EF2813 /* Assets.xcassets */; };
		AB3794102A81978700EF2813 /* Preview Assets.xcassets in Resources */ = {isa = PBXBuildFile; fileRef = AB37940F2A81978700EF2813 /* Preview Assets.xcassets */; };
		AB3794192A81985F00EF2813 /* Python.xcframework in Frameworks */ = {isa = PBXBuildFile; fileRef = AB3794182A81985F00EF2813 /* Python.xcframework */; };
		AB37941B2A81986800EF2813 /* python-stdlib in Resources */ = {isa = PBXBuildFile; fileRef = AB37941A2A81986800EF2813 /* python-stdlib */; };
		AB3794202A819AC700EF2813 /* PythonKit in Frameworks */ = {isa = PBXBuildFile; productRef = AB37941F2A819AC700EF2813 /* PythonKit */; };
		AB3794252A81A0B600EF2813 /* app.swift in Sources */ = {isa = PBXBuildFile; fileRef = AB3794242A81A0B600EF2813 /* app.swift */; };
		AB3794332A81A58800EF2813 /* app.py in Resources */ = {isa = PBXBuildFile; fileRef = AB3794322A81A58800EF2813 /* app.py */; };
		AB3794352A81A5AB00EF2813 /* PythonScripts in Resources */ = {isa = PBXBuildFile; fileRef = AB3794342A81A5AB00EF2813 /* PythonScripts */; };
		AB3794372A81A6D700EF2813 /* platform-site in Resources */ = {isa = PBXBuildFile; fileRef = AB3794362A81A6D700EF2813 /* platform-site */; };
/* End PBXBuildFile section */

/* Begin PBXFileReference section */
		AB3794052A81978600EF2813 /* mobile.app */ = {isa = PBXFileReference; explicitFileType = wrapper.application; includeInIndex = 0; path = mobile.app; sourceTree = BUILT_PRODUCTS_DIR; };
		AB3794082A81978600EF2813 /* mobileApp.swift */ = {isa = PBXFileReference; lastKnownFileType = sourcecode.swift; path = mobileApp.swift; sourceTree = "<group>"; };
		AB37940A2A81978600EF2813 /* ContentView.swift */ = {isa = PBXFileReference; lastKnownFileType = sourcecode.swift; path = ContentView.swift; sourceTree = "<group>"; };
		AB37940C2A81978700EF2813 /* Assets.xcassets */ = {isa = PBXFileReference; lastKnownFileType = folder.assetcatalog; path = Assets.xcassets; sourceTree = "<group>"; };
		AB37940F2A81978700EF2813 /* Preview Assets.xcassets */ = {isa = PBXFileReference; lastKnownFileType = folder.assetcatalog; path = "Preview Assets.xcassets"; sourceTree = "<group>"; };
		AB3794182A81985F00EF2813 /* Python.xcframework */ = {isa = PBXFileReference; lastKnownFileType = wrapper.xcframework; path = Python.xcframework; sourceTree = "<group>"; };
		AB37941A2A81986800EF2813 /* python-stdlib */ = {isa = PBXFileReference; lastKnownFileType = folder; path = "python-stdlib"; sourceTree = "<group>"; };
		AB3794242A81A0B600EF2813 /* app.swift */ = {isa = PBXFileReference; lastKnownFileType = sourcecode.swift; path = app.swift; sourceTree = "<group>"; };
		AB3794322A81A58800EF2813 /* app.py */ = {isa = PBXFileReference; lastKnownFileType = text.script.python; path = app.py; sourceTree = "<group>"; };
		AB3794342A81A5AB00EF2813 /* PythonScripts */ = {isa = PBXFileReference; lastKnownFileType = folder; path = PythonScripts; sourceTree = "<group>"; };
		AB3794362A81A6D700EF2813 /* platform-site */ = {isa = PBXFileReference; lastKnownFileType = folder; path = "platform-site"; sourceTree = "<group>"; };
/* End PBXFileReference section */

/* Begin PBXFrameworksBuildPhase section */
		AB3794022A81978500EF2813 /* Frameworks */ = {
			isa = PBXFrameworksBuildPhase;
			buildActionMask = 2147483647;
			files = (
				AB3794192A81985F00EF2813 /* Python.xcframework in Frameworks */,
				AB3794202A819AC700EF2813 /* PythonKit in Frameworks */,
			);
			runOnlyForDeploymentPostprocessing = 0;
		};
/* End PBXFrameworksBuildPhase section */

/* Begin PBXGroup section */
		AB3793FC2A81978500EF2813 = {
			isa = PBXGroup;
			children = (
				AB3794312A81A57B00EF2813 /* PythonScripts */,
				AB3794342A81A5AB00EF2813 /* PythonScripts */,
				AB37941D2A81994900EF2813 /* Contents */,
				AB3794072A81978600EF2813 /* mobile */,
				AB3794062A81978600EF2813 /* Products */,
			);
			sourceTree = "<group>";
		};
		AB3794062A81978600EF2813 /* Products */ = {
			isa = PBXGroup;
			children = (
				AB3794052A81978600EF2813 /* mobile.app */,
			);
			name = Products;
			sourceTree = "<group>";
		};
		AB3794072A81978600EF2813 /* mobile */ = {
			isa = PBXGroup;
			children = (
				AB3794082A81978600EF2813 /* mobileApp.swift */,
				AB37940A2A81978600EF2813 /* ContentView.swift */,
				AB37940C2A81978700EF2813 /* Assets.xcassets */,
				AB37940E2A81978700EF2813 /* Preview Content */,
				AB3794242A81A0B600EF2813 /* app.swift */,
			);
			path = mobile;
			sourceTree = "<group>";
		};
		AB37940E2A81978700EF2813 /* Preview Content */ = {
			isa = PBXGroup;
			children = (
				AB37940F2A81978700EF2813 /* Preview Assets.xcassets */,
			);
			path = "Preview Content";
			sourceTree = "<group>";
		};
		AB3794162A81983E00EF2813 /* Frameworks */ = {
			isa = PBXGroup;
			children = (
				AB3794182A81985F00EF2813 /* Python.xcframework */,
			);
			path = Frameworks;
			sourceTree = "<group>";
		};
		AB3794172A81984500EF2813 /* Resources */ = {
			isa = PBXGroup;
			children = (
				AB3794362A81A6D700EF2813 /* platform-site */,
				AB37941A2A81986800EF2813 /* python-stdlib */,
			);
			path = Resources;
			sourceTree = "<group>";
		};
		AB37941D2A81994900EF2813 /* Contents */ = {
			isa = PBXGroup;
			children = (
				AB3794162A81983E00EF2813 /* Frameworks */,
				AB3794172A81984500EF2813 /* Resources */,
			);
			path = Contents;
			sourceTree = "<group>";
		};
		AB3794312A81A57B00EF2813 /* PythonScripts */ = {
			isa = PBXGroup;
			children = (
				AB3794322A81A58800EF2813 /* app.py */,
			);
			path = PythonScripts;
			sourceTree = "<group>";
		};
/* End PBXGroup section */

/* Begin PBXNativeTarget section */
		AB3794042A81978500EF2813 /* mobile */ = {
			isa = PBXNativeTarget;
			buildConfigurationList = AB3794132A81978700EF2813 /* Build configuration list for PBXNativeTarget "mobile" */;
			buildPhases = (
				AB3794012A81978500EF2813 /* Sources */,
				AB3794022A81978500EF2813 /* Frameworks */,
				AB3794032A81978500EF2813 /* Resources */,
				AB37941C2A8198E000EF2813 /* Sign Python Binary Modules */,
			);
			buildRules = (
			);
			dependencies = (
			);
			name = mobile;
			packageProductDependencies = (
				AB37941F2A819AC700EF2813 /* PythonKit */,
			);
			productName = mobile;
			productReference = AB3794052A81978600EF2813 /* mobile.app */;
			productType = "com.apple.product-type.application";
		};
/* End PBXNativeTarget section */

/* Begin PBXProject section */
		AB3793FD2A81978500EF2813 /* Project object */ = {
			isa = PBXProject;
			attributes = {
				BuildIndependentTargetsInParallel = 1;
				LastSwiftUpdateCheck = 1430;
				LastUpgradeCheck = 1430;
				TargetAttributes = {
					AB3794042A81978500EF2813 = {
						CreatedOnToolsVersion = 14.3.1;
					};
				};
			};
			buildConfigurationList = AB3794002A81978500EF2813 /* Build configuration list for PBXProject "mobile" */;
			compatibilityVersion = "Xcode 14.0";
			developmentRegion = en;
			hasScannedForEncodings = 0;
			knownRegions = (
				en,
				Base,
			);
			mainGroup = AB3793FC2A81978500EF2813;
			packageReferences = (
				AB37941E2A819AC700EF2813 /* XCRemoteSwiftPackageReference "PythonKit" */,
			);
			productRefGroup = AB3794062A81978600EF2813 /* Products */;
			projectDirPath = "";
			projectRoot = "";
			targets = (
				AB3794042A81978500EF2813 /* mobile */,
			);
		};
/* End PBXProject section */

/* Begin PBXResourcesBuildPhase section */
		AB3794032A81978500EF2813 /* Resources */ = {
			isa = PBXResourcesBuildPhase;
			buildActionMask = 2147483647;
			files = (
				AB3794372A81A6D700EF2813 /* platform-site in Resources */,
				AB3794352A81A5AB00EF2813 /* PythonScripts in Resources */,
				AB3794102A81978700EF2813 /* Preview Assets.xcassets in Resources */,
				AB37940D2A81978700EF2813 /* Assets.xcassets in Resources */,
				AB3794332A81A58800EF2813 /* app.py in Resources */,
				AB37941B2A81986800EF2813 /* python-stdlib in Resources */,
			);
			runOnlyForDeploymentPostprocessing = 0;
		};
/* End PBXResourcesBuildPhase section */

/* Begin PBXShellScriptBuildPhase section */
		AB37941C2A8198E000EF2813 /* Sign Python Binary Modules */ = {
			isa = PBXShellScriptBuildPhase;
			buildActionMask = 2147483647;
			files = (
			);
			inputFileListPaths = (
			);
			inputPaths = (
			);
			name = "Sign Python Binary Modules";
			outputFileListPaths = (
			);
			outputPaths = (
			);
			runOnlyForDeploymentPostprocessing = 0;
			shellPath = /bin/sh;
			shellScript = "#set -e\n#echo \"Signing as $EXPANDED_CODE_SIGN_IDENTITY_NAME ($EXPANDED_CODE_SIGN_IDENTITY)\"\n#find \"$CODESIGNING_FOLDER_PATH/Contents/Resources/python-stdlib/lib-dynload\" -name \"*.so\" -exec /usr/bin/codesign --force --sign \"$EXPANDED_CODE_SIGN_IDENTITY\" -o runtime --timestamp=none --preserve-metadata=identifier,entitlements,flags --generate-entitlement-der {} \\;\n\n";
		};
/* End PBXShellScriptBuildPhase section */

/* Begin PBXSourcesBuildPhase section */
		AB3794012A81978500EF2813 /* Sources */ = {
			isa = PBXSourcesBuildPhase;
			buildActionMask = 2147483647;
			files = (
				AB37940B2A81978600EF2813 /* ContentView.swift in Sources */,
				AB3794252A81A0B600EF2813 /* app.swift in Sources */,
				AB3794092A81978600EF2813 /* mobileApp.swift in Sources */,
			);
			runOnlyForDeploymentPostprocessing = 0;
		};
/* End PBXSourcesBuildPhase section */

/* Begin XCBuildConfiguration section */
		AB3794112A81978700EF2813 /* Debug */ = {
			isa = XCBuildConfiguration;
			buildSettings = {
				ALWAYS_SEARCH_USER_PATHS = NO;
				CLANG_ANALYZER_NONNULL = YES;
				CLANG_ANALYZER_NUMBER_OBJECT_CONVERSION = YES_AGGRESSIVE;
				CLANG_CXX_LANGUAGE_STANDARD = "gnu++20";
				CLANG_ENABLE_MODULES = YES;
				CLANG_ENABLE_OBJC_ARC = YES;
				CLANG_ENABLE_OBJC_WEAK = YES;
				CLANG_WARN_BLOCK_CAPTURE_AUTORELEASING = YES;
				CLANG_WARN_BOOL_CONVERSION = YES;
				CLANG_WARN_COMMA = YES;
				CLANG_WARN_CONSTANT_CONVERSION = YES;
				CLANG_WARN_DEPRECATED_OBJC_IMPLEMENTATIONS = YES;
				CLANG_WARN_DIRECT_OBJC_ISA_USAGE = YES_ERROR;
				CLANG_WARN_DOCUMENTATION_COMMENTS = YES;
				CLANG_WARN_EMPTY_BODY = YES;
				CLANG_WARN_ENUM_CONVERSION = YES;
				CLANG_WARN_INFINITE_RECURSION = YES;
				CLANG_WARN_INT_CONVERSION = YES;
				CLANG_WARN_NON_LITERAL_NULL_CONVERSION = YES;
				CLANG_WARN_OBJC_IMPLICIT_RETAIN_SELF = YES;
				CLANG_WARN_OBJC_LITERAL_CONVERSION = YES;
				CLANG_WARN_OBJC_ROOT_CLASS = YES_ERROR;
				CLANG_WARN_QUOTED_INCLUDE_IN_FRAMEWORK_HEADER = YES;
				CLANG_WARN_RANGE_LOOP_ANALYSIS = YES;
				CLANG_WARN_STRICT_PROTOTYPES = YES;
				CLANG_WARN_SUSPICIOUS_MOVE = YES;
				CLANG_WARN_UNGUARDED_AVAILABILITY = YES_AGGRESSIVE;
				CLANG_WARN_UNREACHABLE_CODE = YES;
				CLANG_WARN__DUPLICATE_METHOD_MATCH = YES;
				COPY_PHASE_STRIP = NO;
				DEBUG_INFORMATION_FORMAT = dwarf;
				ENABLE_STRICT_OBJC_MSGSEND = YES;
				ENABLE_TESTABILITY = YES;
				GCC_C_LANGUAGE_STANDARD = gnu11;
				GCC_DYNAMIC_NO_PIC = NO;
				GCC_NO_COMMON_BLOCKS = YES;
				GCC_OPTIMIZATION_LEVEL = 0;
				GCC_PREPROCESSOR_DEFINITIONS = (
					"DEBUG=1",
					"$(inherited)",
				);
				GCC_WARN_64_TO_32_BIT_CONVERSION = YES;
				GCC_WARN_ABOUT_RETURN_TYPE = YES_ERROR;
				GCC_WARN_UNDECLARED_SELECTOR = YES;
				GCC_WARN_UNINITIALIZED_AUTOS = YES_AGGRESSIVE;
				GCC_WARN_UNUSED_FUNCTION = YES;
				GCC_WARN_UNUSED_VARIABLE = YES;
				IPHONEOS_DEPLOYMENT_TARGET = 16.4;
				MTL_ENABLE_DEBUG_INFO = INCLUDE_SOURCE;
				MTL_FAST_MATH = YES;
				ONLY_ACTIVE_ARCH = YES;
				SDKROOT = iphoneos;
				SWIFT_ACTIVE_COMPILATION_CONDITIONS = DEBUG;
				SWIFT_OPTIMIZATION_LEVEL = "-Onone";
			};
			name = Debug;
		};
		AB3794122A81978700EF2813 /* Release */ = {
			isa = XCBuildConfiguration;
			buildSettings = {
				ALWAYS_SEARCH_USER_PATHS = NO;
				CLANG_ANALYZER_NONNULL = YES;
				CLANG_ANALYZER_NUMBER_OBJECT_CONVERSION = YES_AGGRESSIVE;
				CLANG_CXX_LANGUAGE_STANDARD = "gnu++20";
				CLANG_ENABLE_MODULES = YES;
				CLANG_ENABLE_OBJC_ARC = YES;
				CLANG_ENABLE_OBJC_WEAK = YES;
				CLANG_WARN_BLOCK_CAPTURE_AUTORELEASING = YES;
				CLANG_WARN_BOOL_CONVERSION = YES;
				CLANG_WARN_COMMA = YES;
				CLANG_WARN_CONSTANT_CONVERSION = YES;
				CLANG_WARN_DEPRECATED_OBJC_IMPLEMENTATIONS = YES;
				CLANG_WARN_DIRECT_OBJC_ISA_USAGE = YES_ERROR;
				CLANG_WARN_DOCUMENTATION_COMMENTS = YES;
				CLANG_WARN_EMPTY_BODY = YES;
				CLANG_WARN_ENUM_CONVERSION = YES;
				CLANG_WARN_INFINITE_RECURSION = YES;
				CLANG_WARN_INT_CONVERSION = YES;
				CLANG_WARN_NON_LITERAL_NULL_CONVERSION = YES;
				CLANG_WARN_OBJC_IMPLICIT_RETAIN_SELF = YES;
				CLANG_WARN_OBJC_LITERAL_CONVERSION = YES;
				CLANG_WARN_OBJC_ROOT_CLASS = YES_ERROR;
				CLANG_WARN_QUOTED_INCLUDE_IN_FRAMEWORK_HEADER = YES;
				CLANG_WARN_RANGE_LOOP_ANALYSIS = YES;
				CLANG_WARN_STRICT_PROTOTYPES = YES;
				CLANG_WARN_SUSPICIOUS_MOVE = YES;
				CLANG_WARN_UNGUARDED_AVAILABILITY = YES_AGGRESSIVE;
				CLANG_WARN_UNREACHABLE_CODE = YES;
				CLANG_WARN__DUPLICATE_METHOD_MATCH = YES;
				COPY_PHASE_STRIP = NO;
				DEBUG_INFORMATION_FORMAT = "dwarf-with-dsym";
				ENABLE_NS_ASSERTIONS = NO;
				ENABLE_STRICT_OBJC_MSGSEND = YES;
				GCC_C_LANGUAGE_STANDARD = gnu11;
				GCC_NO_COMMON_BLOCKS = YES;
				GCC_WARN_64_TO_32_BIT_CONVERSION = YES;
				GCC_WARN_ABOUT_RETURN_TYPE = YES_ERROR;
				GCC_WARN_UNDECLARED_SELECTOR = YES;
				GCC_WARN_UNINITIALIZED_AUTOS = YES_AGGRESSIVE;
				GCC_WARN_UNUSED_FUNCTION = YES;
				GCC_WARN_UNUSED_VARIABLE = YES;
				IPHONEOS_DEPLOYMENT_TARGET = 16.4;
				MTL_ENABLE_DEBUG_INFO = NO;
				MTL_FAST_MATH = YES;
				SDKROOT = iphoneos;
				SWIFT_COMPILATION_MODE = wholemodule;
				SWIFT_OPTIMIZATION_LEVEL = "-O";
				VALIDATE_PRODUCT = YES;
			};
			name = Release;
		};
		AB3794142A81978700EF2813 /* Debug */ = {
			isa = XCBuildConfiguration;
			buildSettings = {
				ASSETCATALOG_COMPILER_APPICON_NAME = AppIcon;
				ASSETCATALOG_COMPILER_GLOBAL_ACCENT_COLOR_NAME = AccentColor;
				CODE_SIGN_STYLE = Automatic;
				CURRENT_PROJECT_VERSION = 1;
				DEVELOPMENT_ASSET_PATHS = "\"mobile/Preview Content\"";
				ENABLE_PREVIEWS = YES;
				GENERATE_INFOPLIST_FILE = YES;
				INFOPLIST_KEY_UIApplicationSceneManifest_Generation = YES;
				INFOPLIST_KEY_UIApplicationSupportsIndirectInputEvents = YES;
				INFOPLIST_KEY_UILaunchScreen_Generation = YES;
				INFOPLIST_KEY_UISupportedInterfaceOrientations_iPad = "UIInterfaceOrientationPortrait UIInterfaceOrientationPortraitUpsideDown UIInterfaceOrientationLandscapeLeft UIInterfaceOrientationLandscapeRight";
				INFOPLIST_KEY_UISupportedInterfaceOrientations_iPhone = "UIInterfaceOrientationPortrait UIInterfaceOrientationLandscapeLeft UIInterfaceOrientationLandscapeRight";
				LD_RUNPATH_SEARCH_PATHS = (
					"$(inherited)",
					"@executable_path/Frameworks",
				);
				MARKETING_VERSION = 1.0;
				PRODUCT_BUNDLE_IDENTIFIER = dk.betterlectio.mobile;
				PRODUCT_NAME = "$(TARGET_NAME)";
				SWIFT_EMIT_LOC_STRINGS = YES;
				SWIFT_VERSION = 5.0;
				TARGETED_DEVICE_FAMILY = "1,2";
			};
			name = Debug;
		};
		AB3794152A81978700EF2813 /* Release */ = {
			isa = XCBuildConfiguration;
			buildSettings = {
				ASSETCATALOG_COMPILER_APPICON_NAME = AppIcon;
				ASSETCATALOG_COMPILER_GLOBAL_ACCENT_COLOR_NAME = AccentColor;
				CODE_SIGN_STYLE = Automatic;
				CURRENT_PROJECT_VERSION = 1;
				DEVELOPMENT_ASSET_PATHS = "\"mobile/Preview Content\"";
				ENABLE_PREVIEWS = YES;
				GENERATE_INFOPLIST_FILE = YES;
				INFOPLIST_KEY_UIApplicationSceneManifest_Generation = YES;
				INFOPLIST_KEY_UIApplicationSupportsIndirectInputEvents = YES;
				INFOPLIST_KEY_UILaunchScreen_Generation = YES;
				INFOPLIST_KEY_UISupportedInterfaceOrientations_iPad = "UIInterfaceOrientationPortrait UIInterfaceOrientationPortraitUpsideDown UIInterfaceOrientationLandscapeLeft UIInterfaceOrientationLandscapeRight";
				INFOPLIST_KEY_UISupportedInterfaceOrientations_iPhone = "UIInterfaceOrientationPortrait UIInterfaceOrientationLandscapeLeft UIInterfaceOrientationLandscapeRight";
				LD_RUNPATH_SEARCH_PATHS = (
					"$(inherited)",
					"@executable_path/Frameworks",
				);
				MARKETING_VERSION = 1.0;
				PRODUCT_BUNDLE_IDENTIFIER = dk.betterlectio.mobile;
				PRODUCT_NAME = "$(TARGET_NAME)";
				SWIFT_EMIT_LOC_STRINGS = YES;
				SWIFT_VERSION = 5.0;
				TARGETED_DEVICE_FAMILY = "1,2";
			};
			name = Release;
		};
/* End XCBuildConfiguration section */

/* Begin XCConfigurationList section */
		AB3794002A81978500EF2813 /* Build configuration list for PBXProject "mobile" */ = {
			isa = XCConfigurationList;
			buildConfigurations = (
				AB3794112A81978700EF2813 /* Debug */,
				AB3794122A81978700EF2813 /* Release */,
			);
			defaultConfigurationIsVisible = 0;
			defaultConfigurationName = Release;
		};
		AB3794132A81978700EF2813 /* Build configuration list for PBXNativeTarget "mobile" */ = {
			isa = XCConfigurationList;
			buildConfigurations = (
				AB3794142A81978700EF2813 /* Debug */,
				AB3794152A81978700EF2813 /* Release */,
			);
			defaultConfigurationIsVisible = 0;
			defaultConfigurationName = Release;
		};
/* End XCConfigurationList section */

/* Begin XCRemoteSwiftPackageReference section */
		AB37941E2A819AC700EF2813 /* XCRemoteSwiftPackageReference "PythonKit" */ = {
			isa = XCRemoteSwiftPackageReference;
			repositoryURL = "https://github.com/pvieito/PythonKit.git";
			requirement = {
				branch = master;
				kind = branch;
			};
		};
/* End XCRemoteSwiftPackageReference section */

/* Begin XCSwiftPackageProductDependency section */
		AB37941F2A819AC700EF2813 /* PythonKit */ = {
			isa = XCSwiftPackageProductDependency;
			package = AB37941E2A819AC700EF2813 /* XCRemoteSwiftPackageReference "PythonKit" */;
			productName = PythonKit;
		};
/* End XCSwiftPackageProductDependency section */
	};
	rootObject = AB3793FD2A81978500EF2813 /* Project object */;
}
